
Microsoft Visual Studio Solution File, Format Version 12.00
# Visual Studio Version 17
VisualStudioVersion = 17.7.34031.279
MinimumVisualStudioVersion = 10.0.40219.1
Project("{FAE04EC0-301F-11D3-BF4B-00C04F79EFBC}") = "10.1 Methods", "10.1 Methods\10.1 Methods.csproj", "{06EA068F-C174-431E-B4F9-99100CF541DA}"
EndProject
Global
	GlobalSection(SolutionConfigurationPlatforms) = preSolution
		Debug|Any CPU = Debug|Any CPU
		Release|Any CPU = Release|Any CPU
	EndGlobalSection
	GlobalSection(ProjectConfigurationPlatforms) = postSolution
		{06EA068F-C174-431E-B4F9-99100CF541DA}.Debug|Any CPU.ActiveCfg = Debug|Any CPU
		{06EA068F-C174-431E-B4F9-99100CF541DA}.Debug|Any CPU.Build.0 = Debug|Any CPU
		{06EA068F-C174-431E-B4F9-99100CF541DA}.Release|Any CPU.ActiveCfg = Release|Any CPU
		{06EA068F-C174-431E-B4F9-99100CF541DA}.Release|Any CPU.Build.0 = Release|Any CPU
	EndGlobalSection
	GlobalSection(SolutionProperties) = preSolution
		HideSolutionNode = FALSE
	EndGlobalSection
	GlobalSection(ExtensibilityGlobals) = postSolution
		SolutionGuid = {451DECB0-E05A-4F46-B9E3-6EDC2AAC0982}
	EndGlobalSection
EndGlobal
